// !$*UTF8*$!
{
	archiveVersion = 1;
	classes = {
	};
	objectVersion = 46;
	objects = {

/* Begin PBXBuildFile section */
		C94259E71D174E4600EEE328 /* ChangePhoneViewController.swift in Sources */ = {isa = PBXBuildFile; fileRef = C94259E61D174E4600EEE328 /* ChangePhoneViewController.swift */; };
		C94259E91D1771CC00EEE328 /* ContainerAboutUsViewController.swift in Sources */ = {isa = PBXBuildFile; fileRef = C94259E81D1771CC00EEE328 /* ContainerAboutUsViewController.swift */; };
		C95385C21D0F5A41007BCA15 /* UltravisualLayout.swift in Sources */ = {isa = PBXBuildFile; fileRef = C95385C11D0F5A41007BCA15 /* UltravisualLayout.swift */; };
		C95385C41D0F5B80007BCA15 /* CaddiesList.plist in Resources */ = {isa = PBXBuildFile; fileRef = C95385C31D0F5B80007BCA15 /* CaddiesList.plist */; };
		C95385C61D0F5B86007BCA15 /* ContainerCaddiesAvailableViewController.swift in Sources */ = {isa = PBXBuildFile; fileRef = C95385C51D0F5B86007BCA15 /* ContainerCaddiesAvailableViewController.swift */; };
		C95385C81D0F5B8C007BCA15 /* UIImage+Decompression.swift in Sources */ = {isa = PBXBuildFile; fileRef = C95385C71D0F5B8C007BCA15 /* UIImage+Decompression.swift */; };
		C95385CA1D0F5B93007BCA15 /* Caddies.swift in Sources */ = {isa = PBXBuildFile; fileRef = C95385C91D0F5B93007BCA15 /* Caddies.swift */; };
		C95385CC1D0F5B98007BCA15 /* Session.swift in Sources */ = {isa = PBXBuildFile; fileRef = C95385CB1D0F5B98007BCA15 /* Session.swift */; };
		C95385CE1D0F5B9F007BCA15 /* AvailableCaddiesCell.swift in Sources */ = {isa = PBXBuildFile; fileRef = C95385CD1D0F5B9F007BCA15 /* AvailableCaddiesCell.swift */; };
		C95385D01D10B8EE007BCA15 /* ConfirmReservationViewController.swift in Sources */ = {isa = PBXBuildFile; fileRef = C95385CF1D10B8EE007BCA15 /* ConfirmReservationViewController.swift */; };
		C95385D31D11D96D007BCA15 /* ContainerConfirmReservationViewController.swift in Sources */ = {isa = PBXBuildFile; fileRef = C95385D21D11D96D007BCA15 /* ContainerConfirmReservationViewController.swift */; };
		C95385D51D120CC5007BCA15 /* ProfileSegmentedControl.swift in Sources */ = {isa = PBXBuildFile; fileRef = C95385D41D120CC5007BCA15 /* ProfileSegmentedControl.swift */; };
		C95385DB1D133DE9007BCA15 /* EditProfileViewController.swift in Sources */ = {isa = PBXBuildFile; fileRef = C95385DA1D133DE7007BCA15 /* EditProfileViewController.swift */; };
		C95A00B11CB5CB38008237B1 /* AppDelegate.swift in Sources */ = {isa = PBXBuildFile; fileRef = C95A00B01CB5CB38008237B1 /* AppDelegate.swift */; };
		C95A00B61CB5CB38008237B1 /* Main.storyboard in Resources */ = {isa = PBXBuildFile; fileRef = C95A00B41CB5CB38008237B1 /* Main.storyboard */; };
		C95A00B81CB5CB38008237B1 /* Assets.xcassets in Resources */ = {isa = PBXBuildFile; fileRef = C95A00B71CB5CB38008237B1 /* Assets.xcassets */; };
		C95A00BB1CB5CB38008237B1 /* LaunchScreen.storyboard in Resources */ = {isa = PBXBuildFile; fileRef = C95A00B91CB5CB38008237B1 /* LaunchScreen.storyboard */; };
		C95A00C61CB5CB38008237B1 /* carpoolApp_v1_0Tests.swift in Sources */ = {isa = PBXBuildFile; fileRef = C95A00C51CB5CB38008237B1 /* carpoolApp_v1_0Tests.swift */; };
		C95A00D11CB5CB38008237B1 /* carpoolApp_v1_0UITests.swift in Sources */ = {isa = PBXBuildFile; fileRef = C95A00D01CB5CB38008237B1 /* carpoolApp_v1_0UITests.swift */; };
		C95A00E21CB5CBEB008237B1 /* SWRevealViewController.m in Sources */ = {isa = PBXBuildFile; fileRef = C95A00E11CB5CBEB008237B1 /* SWRevealViewController.m */; };
		C95A00E81CB5F9D6008237B1 /* LandingPageViewController.swift in Sources */ = {isa = PBXBuildFile; fileRef = C95A00E71CB5F9D5008237B1 /* LandingPageViewController.swift */; };
		C98784881D15CE6600EED776 /* ChangePasswordViewController.swift in Sources */ = {isa = PBXBuildFile; fileRef = C98784871D15CE6600EED776 /* ChangePasswordViewController.swift */; };
		C990CF961D1B8F56005E05F2 /* HelpViewController.swift in Sources */ = {isa = PBXBuildFile; fileRef = C990CF951D1B8F56005E05F2 /* HelpViewController.swift */; };
		C994B4C21D143CC9009848F2 /* NotificationsSettingsViewController.swift in Sources */ = {isa = PBXBuildFile; fileRef = C994B4C11D143CC9009848F2 /* NotificationsSettingsViewController.swift */; };
		C994B4C41D144417009848F2 /* PrivacySettingsViewController.swift in Sources */ = {isa = PBXBuildFile; fileRef = C994B4C31D144417009848F2 /* PrivacySettingsViewController.swift */; };
		C994B4C61D144A90009848F2 /* HelpAndSupportViewController.swift in Sources */ = {isa = PBXBuildFile; fileRef = C994B4C51D144A90009848F2 /* HelpAndSupportViewController.swift */; };
		C994B4C81D145BDB009848F2 /* UpcomingReservationsViewController.swift in Sources */ = {isa = PBXBuildFile; fileRef = C994B4C71D145BDB009848F2 /* UpcomingReservationsViewController.swift */; };
		C994B4CB1D145D24009848F2 /* CaddyHistoryViewController.swift in Sources */ = {isa = PBXBuildFile; fileRef = C994B4CA1D145D24009848F2 /* CaddyHistoryViewController.swift */; };
		C994B4CD1D145E23009848F2 /* NotificationsViewController.swift in Sources */ = {isa = PBXBuildFile; fileRef = C994B4CC1D145E23009848F2 /* NotificationsViewController.swift */; };
		C994B4CF1D15A67F009848F2 /* ChangeEmailViewController.swift in Sources */ = {isa = PBXBuildFile; fileRef = C994B4CE1D15A67F009848F2 /* ChangeEmailViewController.swift */; };
		C994B4D31D15A83E009848F2 /* UserInformation.swift in Sources */ = {isa = PBXBuildFile; fileRef = C994B4D21D15A83E009848F2 /* UserInformation.swift */; };
		C9EE3ED81D06643800F86EF2 /* SidebarMenuViewController.swift in Sources */ = {isa = PBXBuildFile; fileRef = C9EE3ED71D06643800F86EF2 /* SidebarMenuViewController.swift */; };
		C9EE3F1A1D07383200F86EF2 /* StartReservationViewController.swift in Sources */ = {isa = PBXBuildFile; fileRef = C9EE3F191D07383200F86EF2 /* StartReservationViewController.swift */; };
		C9EE3F1C1D075F0B00F86EF2 /* StartReservationContainerViewController.swift in Sources */ = {isa = PBXBuildFile; fileRef = C9EE3F1B1D075F0B00F86EF2 /* StartReservationContainerViewController.swift */; };
		C9EE3F1E1D08D3DB00F86EF2 /* ChooseServiceLevelSegmentedControl.swift in Sources */ = {isa = PBXBuildFile; fileRef = C9EE3F1D1D08D3DB00F86EF2 /* ChooseServiceLevelSegmentedControl.swift */; };
		C9EE3F201D090A5900F86EF2 /* CaddiesAvailableViewController.swift in Sources */ = {isa = PBXBuildFile; fileRef = C9EE3F1F1D090A5900F86EF2 /* CaddiesAvailableViewController.swift */; };
		C9EE3F2A1D0A196C00F86EF2 /* ProfileViewController.swift in Sources */ = {isa = PBXBuildFile; fileRef = C9EE3F291D0A196C00F86EF2 /* ProfileViewController.swift */; };
		C9EE3F2D1D0A1C5900F86EF2 /* AboutUsViewController.swift in Sources */ = {isa = PBXBuildFile; fileRef = C9EE3F2C1D0A1C5900F86EF2 /* AboutUsViewController.swift */; };
		C9EE3F301D0A1EBC00F86EF2 /* InviteViewController.swift in Sources */ = {isa = PBXBuildFile; fileRef = C9EE3F2F1D0A1EBC00F86EF2 /* InviteViewController.swift */; };
		C9EE3F331D0A1FBC00F86EF2 /* BecomeCaddyViewController.swift in Sources */ = {isa = PBXBuildFile; fileRef = C9EE3F321D0A1FBC00F86EF2 /* BecomeCaddyViewController.swift */; };
		C9EE3F381D0A217F00F86EF2 /* SettingsViewController.swift in Sources */ = {isa = PBXBuildFile; fileRef = C9EE3F371D0A217F00F86EF2 /* SettingsViewController.swift */; };
/* End PBXBuildFile section */

/* Begin PBXContainerItemProxy section */
		C95A00C21CB5CB38008237B1 /* PBXContainerItemProxy */ = {
			isa = PBXContainerItemProxy;
			containerPortal = C95A00A51CB5CB38008237B1 /* Project object */;
			proxyType = 1;
			remoteGlobalIDString = C95A00AC1CB5CB38008237B1;
			remoteInfo = carpoolApp_v1.0;
		};
		C95A00CD1CB5CB38008237B1 /* PBXContainerItemProxy */ = {
			isa = PBXContainerItemProxy;
			containerPortal = C95A00A51CB5CB38008237B1 /* Project object */;
			proxyType = 1;
			remoteGlobalIDString = C95A00AC1CB5CB38008237B1;
			remoteInfo = carpoolApp_v1.0;
		};
/* End PBXContainerItemProxy section */

/* Begin PBXFileReference section */
		C94259E61D174E4600EEE328 /* ChangePhoneViewController.swift */ = {isa = PBXFileReference; fileEncoding = 4; lastKnownFileType = sourcecode.swift; path = ChangePhoneViewController.swift; sourceTree = "<group>"; };
		C94259E81D1771CC00EEE328 /* ContainerAboutUsViewController.swift */ = {isa = PBXFileReference; fileEncoding = 4; lastKnownFileType = sourcecode.swift; path = ContainerAboutUsViewController.swift; sourceTree = "<group>"; };
		C95385C11D0F5A41007BCA15 /* UltravisualLayout.swift */ = {isa = PBXFileReference; fileEncoding = 4; lastKnownFileType = sourcecode.swift; name = UltravisualLayout.swift; path = ../UltravisualLayout.swift; sourceTree = "<group>"; };
		C95385C31D0F5B80007BCA15 /* CaddiesList.plist */ = {isa = PBXFileReference; fileEncoding = 4; lastKnownFileType = text.plist.xml; path = CaddiesList.plist; sourceTree = "<group>"; };
		C95385C51D0F5B86007BCA15 /* ContainerCaddiesAvailableViewController.swift */ = {isa = PBXFileReference; fileEncoding = 4; lastKnownFileType = sourcecode.swift; path = ContainerCaddiesAvailableViewController.swift; sourceTree = "<group>"; };
		C95385C71D0F5B8C007BCA15 /* UIImage+Decompression.swift */ = {isa = PBXFileReference; fileEncoding = 4; lastKnownFileType = sourcecode.swift; path = "UIImage+Decompression.swift"; sourceTree = "<group>"; };
		C95385C91D0F5B93007BCA15 /* Caddies.swift */ = {isa = PBXFileReference; fileEncoding = 4; lastKnownFileType = sourcecode.swift; name = Caddies.swift; path = carpoolApp_v1.0/Caddies.swift; sourceTree = "<group>"; };
		C95385CB1D0F5B98007BCA15 /* Session.swift */ = {isa = PBXFileReference; fileEncoding = 4; lastKnownFileType = sourcecode.swift; name = Session.swift; path = carpoolApp_v1.0/Session.swift; sourceTree = "<group>"; };
		C95385CD1D0F5B9F007BCA15 /* AvailableCaddiesCell.swift */ = {isa = PBXFileReference; fileEncoding = 4; lastKnownFileType = sourcecode.swift; name = AvailableCaddiesCell.swift; path = carpoolApp_v1.0/AvailableCaddiesCell.swift; sourceTree = "<group>"; };
		C95385CF1D10B8EE007BCA15 /* ConfirmReservationViewController.swift */ = {isa = PBXFileReference; fileEncoding = 4; lastKnownFileType = sourcecode.swift; name = ConfirmReservationViewController.swift; path = ../ConfirmReservationViewController.swift; sourceTree = "<group>"; };
		C95385D21D11D96D007BCA15 /* ContainerConfirmReservationViewController.swift */ = {isa = PBXFileReference; fileEncoding = 4; lastKnownFileType = sourcecode.swift; name = ContainerConfirmReservationViewController.swift; path = ../ContainerConfirmReservationViewController.swift; sourceTree = "<group>"; };
		C95385D41D120CC5007BCA15 /* ProfileSegmentedControl.swift */ = {isa = PBXFileReference; fileEncoding = 4; lastKnownFileType = sourcecode.swift; name = ProfileSegmentedControl.swift; path = ../ProfileSegmentedControl.swift; sourceTree = "<group>"; };
		C95385DA1D133DE7007BCA15 /* EditProfileViewController.swift */ = {isa = PBXFileReference; fileEncoding = 4; lastKnownFileType = sourcecode.swift; path = EditProfileViewController.swift; sourceTree = "<group>"; };
		C95A00AD1CB5CB38008237B1 /* carpoolApp_v1.0.app */ = {isa = PBXFileReference; explicitFileType = wrapper.application; includeInIndex = 0; path = carpoolApp_v1.0.app; sourceTree = BUILT_PRODUCTS_DIR; };
		C95A00B01CB5CB38008237B1 /* AppDelegate.swift */ = {isa = PBXFileReference; lastKnownFileType = sourcecode.swift; path = AppDelegate.swift; sourceTree = "<group>"; };
		C95A00B51CB5CB38008237B1 /* Base */ = {isa = PBXFileReference; lastKnownFileType = file.storyboard; name = Base; path = Base.lproj/Main.storyboard; sourceTree = "<group>"; };
		C95A00B71CB5CB38008237B1 /* Assets.xcassets */ = {isa = PBXFileReference; lastKnownFileType = folder.assetcatalog; path = Assets.xcassets; sourceTree = "<group>"; };
		C95A00BA1CB5CB38008237B1 /* Base */ = {isa = PBXFileReference; lastKnownFileType = file.storyboard; name = Base; path = Base.lproj/LaunchScreen.storyboard; sourceTree = "<group>"; };
		C95A00BC1CB5CB38008237B1 /* Info.plist */ = {isa = PBXFileReference; lastKnownFileType = text.plist.xml; path = Info.plist; sourceTree = "<group>"; };
		C95A00C11CB5CB38008237B1 /* carpoolApp_v1.0Tests.xctest */ = {isa = PBXFileReference; explicitFileType = wrapper.cfbundle; includeInIndex = 0; path = carpoolApp_v1.0Tests.xctest; sourceTree = BUILT_PRODUCTS_DIR; };
		C95A00C51CB5CB38008237B1 /* carpoolApp_v1_0Tests.swift */ = {isa = PBXFileReference; lastKnownFileType = sourcecode.swift; path = carpoolApp_v1_0Tests.swift; sourceTree = "<group>"; };
		C95A00C71CB5CB38008237B1 /* Info.plist */ = {isa = PBXFileReference; lastKnownFileType = text.plist.xml; path = Info.plist; sourceTree = "<group>"; };
		C95A00CC1CB5CB38008237B1 /* carpoolApp_v1.0UITests.xctest */ = {isa = PBXFileReference; explicitFileType = wrapper.cfbundle; includeInIndex = 0; path = carpoolApp_v1.0UITests.xctest; sourceTree = BUILT_PRODUCTS_DIR; };
		C95A00D01CB5CB38008237B1 /* carpoolApp_v1_0UITests.swift */ = {isa = PBXFileReference; lastKnownFileType = sourcecode.swift; path = carpoolApp_v1_0UITests.swift; sourceTree = "<group>"; };
		C95A00D21CB5CB38008237B1 /* Info.plist */ = {isa = PBXFileReference; lastKnownFileType = text.plist.xml; path = Info.plist; sourceTree = "<group>"; };
		C95A00DF1CB5CBEB008237B1 /* carpoolApp_v1.0-Bridging-Header.h */ = {isa = PBXFileReference; lastKnownFileType = sourcecode.c.h; path = "carpoolApp_v1.0-Bridging-Header.h"; sourceTree = "<group>"; };
		C95A00E01CB5CBEB008237B1 /* SWRevealViewController.h */ = {isa = PBXFileReference; fileEncoding = 4; lastKnownFileType = sourcecode.c.h; path = SWRevealViewController.h; sourceTree = "<group>"; };
		C95A00E11CB5CBEB008237B1 /* SWRevealViewController.m */ = {isa = PBXFileReference; fileEncoding = 4; lastKnownFileType = sourcecode.c.objc; path = SWRevealViewController.m; sourceTree = "<group>"; };
		C95A00E71CB5F9D5008237B1 /* LandingPageViewController.swift */ = {isa = PBXFileReference; fileEncoding = 4; lastKnownFileType = sourcecode.swift; path = LandingPageViewController.swift; sourceTree = "<group>"; };
		C98784871D15CE6600EED776 /* ChangePasswordViewController.swift */ = {isa = PBXFileReference; fileEncoding = 4; lastKnownFileType = sourcecode.swift; path = ChangePasswordViewController.swift; sourceTree = "<group>"; };
		C990CF951D1B8F56005E05F2 /* HelpViewController.swift */ = {isa = PBXFileReference; fileEncoding = 4; lastKnownFileType = sourcecode.swift; name = HelpViewController.swift; path = ../HelpViewController.swift; sourceTree = "<group>"; };
		C994B4C11D143CC9009848F2 /* NotificationsSettingsViewController.swift */ = {isa = PBXFileReference; fileEncoding = 4; lastKnownFileType = sourcecode.swift; path = NotificationsSettingsViewController.swift; sourceTree = "<group>"; };
		C994B4C31D144417009848F2 /* PrivacySettingsViewController.swift */ = {isa = PBXFileReference; fileEncoding = 4; lastKnownFileType = sourcecode.swift; path = PrivacySettingsViewController.swift; sourceTree = "<group>"; };
		C994B4C51D144A90009848F2 /* HelpAndSupportViewController.swift */ = {isa = PBXFileReference; fileEncoding = 4; lastKnownFileType = sourcecode.swift; path = HelpAndSupportViewController.swift; sourceTree = "<group>"; };
		C994B4C71D145BDB009848F2 /* UpcomingReservationsViewController.swift */ = {isa = PBXFileReference; fileEncoding = 4; lastKnownFileType = sourcecode.swift; name = UpcomingReservationsViewController.swift; path = ../UpcomingReservationsViewController.swift; sourceTree = "<group>"; };
		C994B4CA1D145D24009848F2 /* CaddyHistoryViewController.swift */ = {isa = PBXFileReference; fileEncoding = 4; lastKnownFileType = sourcecode.swift; name = CaddyHistoryViewController.swift; path = ../CaddyHistoryViewController.swift; sourceTree = "<group>"; };
		C994B4CC1D145E23009848F2 /* NotificationsViewController.swift */ = {isa = PBXFileReference; fileEncoding = 4; lastKnownFileType = sourcecode.swift; name = NotificationsViewController.swift; path = ../NotificationsViewController.swift; sourceTree = "<group>"; };
		C994B4CE1D15A67F009848F2 /* ChangeEmailViewController.swift */ = {isa = PBXFileReference; fileEncoding = 4; lastKnownFileType = sourcecode.swift; path = ChangeEmailViewController.swift; sourceTree = "<group>"; };
		C994B4D21D15A83E009848F2 /* UserInformation.swift */ = {isa = PBXFileReference; fileEncoding = 4; lastKnownFileType = sourcecode.swift; path = UserInformation.swift; sourceTree = "<group>"; };
		C9EE3ED71D06643800F86EF2 /* SidebarMenuViewController.swift */ = {isa = PBXFileReference; fileEncoding = 4; lastKnownFileType = sourcecode.swift; name = SidebarMenuViewController.swift; path = ../SidebarMenuViewController.swift; sourceTree = "<group>"; };
		C9EE3F191D07383200F86EF2 /* StartReservationViewController.swift */ = {isa = PBXFileReference; fileEncoding = 4; lastKnownFileType = sourcecode.swift; name = StartReservationViewController.swift; path = ../StartReservationViewController.swift; sourceTree = "<group>"; };
		C9EE3F1B1D075F0B00F86EF2 /* StartReservationContainerViewController.swift */ = {isa = PBXFileReference; fileEncoding = 4; lastKnownFileType = sourcecode.swift; name = StartReservationContainerViewController.swift; path = ../StartReservationContainerViewController.swift; sourceTree = "<group>"; };
		C9EE3F1D1D08D3DB00F86EF2 /* ChooseServiceLevelSegmentedControl.swift */ = {isa = PBXFileReference; fileEncoding = 4; lastKnownFileType = sourcecode.swift; name = ChooseServiceLevelSegmentedControl.swift; path = ../ChooseServiceLevelSegmentedControl.swift; sourceTree = "<group>"; };
		C9EE3F1F1D090A5900F86EF2 /* CaddiesAvailableViewController.swift */ = {isa = PBXFileReference; fileEncoding = 4; lastKnownFileType = sourcecode.swift; name = CaddiesAvailableViewController.swift; path = ../CaddiesAvailableViewController.swift; sourceTree = "<group>"; };
		C9EE3F291D0A196C00F86EF2 /* ProfileViewController.swift */ = {isa = PBXFileReference; fileEncoding = 4; lastKnownFileType = sourcecode.swift; name = ProfileViewController.swift; path = ../ProfileViewController.swift; sourceTree = "<group>"; };
		C9EE3F2C1D0A1C5900F86EF2 /* AboutUsViewController.swift */ = {isa = PBXFileReference; fileEncoding = 4; lastKnownFileType = sourcecode.swift; path = AboutUsViewController.swift; sourceTree = "<group>"; };
		C9EE3F2F1D0A1EBC00F86EF2 /* InviteViewController.swift */ = {isa = PBXFileReference; fileEncoding = 4; lastKnownFileType = sourcecode.swift; path = InviteViewController.swift; sourceTree = "<group>"; };
		C9EE3F321D0A1FBC00F86EF2 /* BecomeCaddyViewController.swift */ = {isa = PBXFileReference; fileEncoding = 4; lastKnownFileType = sourcecode.swift; name = BecomeCaddyViewController.swift; path = ../BecomeCaddyViewController.swift; sourceTree = "<group>"; };
		C9EE3F371D0A217F00F86EF2 /* SettingsViewController.swift */ = {isa = PBXFileReference; fileEncoding = 4; lastKnownFileType = sourcecode.swift; path = SettingsViewController.swift; sourceTree = "<group>"; };
/* End PBXFileReference section */

/* Begin PBXFrameworksBuildPhase section */
		C95A00AA1CB5CB38008237B1 /* Frameworks */ = {
			isa = PBXFrameworksBuildPhase;
			buildActionMask = 2147483647;
			files = (
			);
			runOnlyForDeploymentPostprocessing = 0;
		};
		C95A00BE1CB5CB38008237B1 /* Frameworks */ = {
			isa = PBXFrameworksBuildPhase;
			buildActionMask = 2147483647;
			files = (
			);
			runOnlyForDeploymentPostprocessing = 0;
		};
		C95A00C91CB5CB38008237B1 /* Frameworks */ = {
			isa = PBXFrameworksBuildPhase;
			buildActionMask = 2147483647;
			files = (
			);
			runOnlyForDeploymentPostprocessing = 0;
		};
/* End PBXFrameworksBuildPhase section */

/* Begin PBXGroup section */
		C91D13DC1D0E7DAE00D177B4 /* Other */ = {
			isa = PBXGroup;
			children = (
				C95385C71D0F5B8C007BCA15 /* UIImage+Decompression.swift */,
				C95385C11D0F5A41007BCA15 /* UltravisualLayout.swift */,
			);
			name = Other;
			sourceTree = "<group>";
		};
		C95385BD1D0F402D007BCA15 /* Models */ = {
			isa = PBXGroup;
			children = (
				C994B4D41D15A853009848F2 /* User Information */,
				C994B4D11D15A7E6009848F2 /* Available Caddies */,
			);
			name = Models;
			path = ..;
			sourceTree = "<group>";
		};
		C95385C01D0F406B007BCA15 /* Views */ = {
			isa = PBXGroup;
			children = (
				C95385CD1D0F5B9F007BCA15 /* AvailableCaddiesCell.swift */,
			);
			name = Views;
			path = ..;
			sourceTree = "<group>";
		};
		C95385D11D10B8F7007BCA15 /* Confirm Reservation */ = {
			isa = PBXGroup;
			children = (
				C95385CF1D10B8EE007BCA15 /* ConfirmReservationViewController.swift */,
				C95385D21D11D96D007BCA15 /* ContainerConfirmReservationViewController.swift */,
			);
			name = "Confirm Reservation";
			sourceTree = "<group>";
		};
		C95385DC1D133EAD007BCA15 /* Settings Subviews */ = {
			isa = PBXGroup;
			children = (
				C95385DA1D133DE7007BCA15 /* EditProfileViewController.swift */,
				C994B4D01D15A6C5009848F2 /* Edit Profile Subviews */,
				C994B4C11D143CC9009848F2 /* NotificationsSettingsViewController.swift */,
				C994B4C31D144417009848F2 /* PrivacySettingsViewController.swift */,
				C994B4C51D144A90009848F2 /* HelpAndSupportViewController.swift */,
			);
			name = "Settings Subviews";
			sourceTree = "<group>";
		};
		C95A00A41CB5CB38008237B1 = {
			isa = PBXGroup;
			children = (
				C95A00AF1CB5CB38008237B1 /* carpoolApp_v1.0 */,
				C95A00C41CB5CB38008237B1 /* carpoolApp_v1.0Tests */,
				C95A00CF1CB5CB38008237B1 /* carpoolApp_v1.0UITests */,
				C95A00AE1CB5CB38008237B1 /* Products */,
			);
			sourceTree = "<group>";
		};
		C95A00AE1CB5CB38008237B1 /* Products */ = {
			isa = PBXGroup;
			children = (
				C95A00AD1CB5CB38008237B1 /* carpoolApp_v1.0.app */,
				C95A00C11CB5CB38008237B1 /* carpoolApp_v1.0Tests.xctest */,
				C95A00CC1CB5CB38008237B1 /* carpoolApp_v1.0UITests.xctest */,
			);
			name = Products;
			sourceTree = "<group>";
		};
		C95A00AF1CB5CB38008237B1 /* carpoolApp_v1.0 */ = {
			isa = PBXGroup;
			children = (
				C95A00DE1CB5CB4D008237B1 /* SWRevealViewController */,
				C95A00B01CB5CB38008237B1 /* AppDelegate.swift */,
				C9EE3ED71D06643800F86EF2 /* SidebarMenuViewController.swift */,
				C95A00B41CB5CB38008237B1 /* Main.storyboard */,
				C95A00B71CB5CB38008237B1 /* Assets.xcassets */,
				C95A00B91CB5CB38008237B1 /* LaunchScreen.storyboard */,
				C95A00BC1CB5CB38008237B1 /* Info.plist */,
				C95385C31D0F5B80007BCA15 /* CaddiesList.plist */,
				C95385BD1D0F402D007BCA15 /* Models */,
				C95385C01D0F406B007BCA15 /* Views */,
				C9EE3F241D09D11000F86EF2 /* Controllers */,
			);
			path = carpoolApp_v1.0;
			sourceTree = "<group>";
		};
		C95A00C41CB5CB38008237B1 /* carpoolApp_v1.0Tests */ = {
			isa = PBXGroup;
			children = (
				C95A00C51CB5CB38008237B1 /* carpoolApp_v1_0Tests.swift */,
				C95A00C71CB5CB38008237B1 /* Info.plist */,
			);
			path = carpoolApp_v1.0Tests;
			sourceTree = "<group>";
		};
		C95A00CF1CB5CB38008237B1 /* carpoolApp_v1.0UITests */ = {
			isa = PBXGroup;
			children = (
				C95A00D01CB5CB38008237B1 /* carpoolApp_v1_0UITests.swift */,
				C95A00D21CB5CB38008237B1 /* Info.plist */,
			);
			path = carpoolApp_v1.0UITests;
			sourceTree = "<group>";
		};
		C95A00DE1CB5CB4D008237B1 /* SWRevealViewController */ = {
			isa = PBXGroup;
			children = (
				C95A00E01CB5CBEB008237B1 /* SWRevealViewController.h */,
				C95A00E11CB5CBEB008237B1 /* SWRevealViewController.m */,
				C95A00DF1CB5CBEB008237B1 /* carpoolApp_v1.0-Bridging-Header.h */,
			);
			name = SWRevealViewController;
			sourceTree = "<group>";
		};
		C990CF971D1B8F64005E05F2 /* Help Center */ = {
			isa = PBXGroup;
			children = (
				C990CF951D1B8F56005E05F2 /* HelpViewController.swift */,
			);
			name = "Help Center";
			sourceTree = "<group>";
		};
		C994B4C91D145BFA009848F2 /* Profile Subviews */ = {
			isa = PBXGroup;
			children = (
				C994B4C71D145BDB009848F2 /* UpcomingReservationsViewController.swift */,
				C994B4CA1D145D24009848F2 /* CaddyHistoryViewController.swift */,
				C994B4CC1D145E23009848F2 /* NotificationsViewController.swift */,
			);
			name = "Profile Subviews";
			sourceTree = "<group>";
		};
		C994B4D01D15A6C5009848F2 /* Edit Profile Subviews */ = {
			isa = PBXGroup;
			children = (
				C994B4CE1D15A67F009848F2 /* ChangeEmailViewController.swift */,
				C98784871D15CE6600EED776 /* ChangePasswordViewController.swift */,
				C94259E61D174E4600EEE328 /* ChangePhoneViewController.swift */,
			);
			name = "Edit Profile Subviews";
			sourceTree = "<group>";
		};
		C994B4D11D15A7E6009848F2 /* Available Caddies */ = {
			isa = PBXGroup;
			children = (
				C95385C91D0F5B93007BCA15 /* Caddies.swift */,
				C95385CB1D0F5B98007BCA15 /* Session.swift */,
			);
			name = "Available Caddies";
			sourceTree = "<group>";
		};
		C994B4D41D15A853009848F2 /* User Information */ = {
			isa = PBXGroup;
			children = (
				C994B4D21D15A83E009848F2 /* UserInformation.swift */,
			);
			name = "User Information";
			sourceTree = "<group>";
		};
		C9EE3F211D09D0C400F86EF2 /* Start Reservation */ = {
			isa = PBXGroup;
			children = (
				C9EE3F191D07383200F86EF2 /* StartReservationViewController.swift */,
				C9EE3F1B1D075F0B00F86EF2 /* StartReservationContainerViewController.swift */,
				C9EE3F1D1D08D3DB00F86EF2 /* ChooseServiceLevelSegmentedControl.swift */,
			);
			name = "Start Reservation";
			sourceTree = "<group>";
		};
		C9EE3F221D09D0D900F86EF2 /* Available Caddies */ = {
			isa = PBXGroup;
			children = (
				C9EE3F1F1D090A5900F86EF2 /* CaddiesAvailableViewController.swift */,
				C95385C51D0F5B86007BCA15 /* ContainerCaddiesAvailableViewController.swift */,
			);
			name = "Available Caddies";
			sourceTree = "<group>";
		};
		C9EE3F231D09D0E600F86EF2 /* Home */ = {
			isa = PBXGroup;
			children = (
				C95A00E71CB5F9D5008237B1 /* LandingPageViewController.swift */,
			);
			name = Home;
			sourceTree = "<group>";
		};
		C9EE3F241D09D11000F86EF2 /* Controllers */ = {
			isa = PBXGroup;
			children = (
				C9EE3F231D09D0E600F86EF2 /* Home */,
				C9EE3F211D09D0C400F86EF2 /* Start Reservation */,
				C9EE3F221D09D0D900F86EF2 /* Available Caddies */,
				C95385D11D10B8F7007BCA15 /* Confirm Reservation */,
				C9EE3F2B1D0A1A2000F86EF2 /* My Profile */,
				C9EE3F2E1D0A1CC600F86EF2 /* Our Story */,
				C9EE3F311D0A1F1E00F86EF2 /* Invite Others */,
				C9EE3F361D0A20EC00F86EF2 /* Become Caddy */,
				C9EE3F391D0A21DC00F86EF2 /* Settings */,
				C990CF971D1B8F64005E05F2 /* Help Center */,
				C91D13DC1D0E7DAE00D177B4 /* Other */,
			);
			name = Controllers;
			sourceTree = "<group>";
		};
		C9EE3F2B1D0A1A2000F86EF2 /* My Profile */ = {
			isa = PBXGroup;
			children = (
				C9EE3F291D0A196C00F86EF2 /* ProfileViewController.swift */,
				C95385D41D120CC5007BCA15 /* ProfileSegmentedControl.swift */,
				C994B4C91D145BFA009848F2 /* Profile Subviews */,
			);
			name = "My Profile";
			sourceTree = "<group>";
		};
		C9EE3F2E1D0A1CC600F86EF2 /* Our Story */ = {
			isa = PBXGroup;
			children = (
				C9EE3F2C1D0A1C5900F86EF2 /* AboutUsViewController.swift */,
				C94259E81D1771CC00EEE328 /* ContainerAboutUsViewController.swift */,
			);
			name = "Our Story";
			path = ..;
			sourceTree = "<group>";
		};
		C9EE3F311D0A1F1E00F86EF2 /* Invite Others */ = {
			isa = PBXGroup;
			children = (
				C9EE3F2F1D0A1EBC00F86EF2 /* InviteViewController.swift */,
			);
			name = "Invite Others";
			path = ..;
			sourceTree = "<group>";
		};
		C9EE3F361D0A20EC00F86EF2 /* Become Caddy */ = {
			isa = PBXGroup;
			children = (
				C9EE3F321D0A1FBC00F86EF2 /* BecomeCaddyViewController.swift */,
			);
			name = "Become Caddy";
			sourceTree = "<group>";
		};
		C9EE3F391D0A21DC00F86EF2 /* Settings */ = {
			isa = PBXGroup;
			children = (
				C9EE3F371D0A217F00F86EF2 /* SettingsViewController.swift */,
				C95385DC1D133EAD007BCA15 /* Settings Subviews */,
			);
			name = Settings;
			path = ..;
			sourceTree = "<group>";
		};
/* End PBXGroup section */

/* Begin PBXNativeTarget section */
		C95A00AC1CB5CB38008237B1 /* carpoolApp_v1.0 */ = {
			isa = PBXNativeTarget;
			buildConfigurationList = C95A00D51CB5CB38008237B1 /* Build configuration list for PBXNativeTarget "carpoolApp_v1.0" */;
			buildPhases = (
				C95A00A91CB5CB38008237B1 /* Sources */,
				C95A00AA1CB5CB38008237B1 /* Frameworks */,
				C95A00AB1CB5CB38008237B1 /* Resources */,
			);
			buildRules = (
			);
			dependencies = (
			);
			name = carpoolApp_v1.0;
			productName = carpoolApp_v1.0;
			productReference = C95A00AD1CB5CB38008237B1 /* carpoolApp_v1.0.app */;
			productType = "com.apple.product-type.application";
		};
		C95A00C01CB5CB38008237B1 /* carpoolApp_v1.0Tests */ = {
			isa = PBXNativeTarget;
			buildConfigurationList = C95A00D81CB5CB38008237B1 /* Build configuration list for PBXNativeTarget "carpoolApp_v1.0Tests" */;
			buildPhases = (
				C95A00BD1CB5CB38008237B1 /* Sources */,
				C95A00BE1CB5CB38008237B1 /* Frameworks */,
				C95A00BF1CB5CB38008237B1 /* Resources */,
			);
			buildRules = (
			);
			dependencies = (
				C95A00C31CB5CB38008237B1 /* PBXTargetDependency */,
			);
			name = carpoolApp_v1.0Tests;
			productName = carpoolApp_v1.0Tests;
			productReference = C95A00C11CB5CB38008237B1 /* carpoolApp_v1.0Tests.xctest */;
			productType = "com.apple.product-type.bundle.unit-test";
		};
		C95A00CB1CB5CB38008237B1 /* carpoolApp_v1.0UITests */ = {
			isa = PBXNativeTarget;
			buildConfigurationList = C95A00DB1CB5CB38008237B1 /* Build configuration list for PBXNativeTarget "carpoolApp_v1.0UITests" */;
			buildPhases = (
				C95A00C81CB5CB38008237B1 /* Sources */,
				C95A00C91CB5CB38008237B1 /* Frameworks */,
				C95A00CA1CB5CB38008237B1 /* Resources */,
			);
			buildRules = (
			);
			dependencies = (
				C95A00CE1CB5CB38008237B1 /* PBXTargetDependency */,
			);
			name = carpoolApp_v1.0UITests;
			productName = carpoolApp_v1.0UITests;
			productReference = C95A00CC1CB5CB38008237B1 /* carpoolApp_v1.0UITests.xctest */;
			productType = "com.apple.product-type.bundle.ui-testing";
		};
/* End PBXNativeTarget section */

/* Begin PBXProject section */
		C95A00A51CB5CB38008237B1 /* Project object */ = {
			isa = PBXProject;
			attributes = {
				LastSwiftUpdateCheck = 0720;
				LastUpgradeCheck = 0720;
				ORGANIZATIONNAME = "Matthew Hills";
				TargetAttributes = {
					C95A00AC1CB5CB38008237B1 = {
						CreatedOnToolsVersion = 7.2.1;
					};
					C95A00C01CB5CB38008237B1 = {
						CreatedOnToolsVersion = 7.2.1;
						TestTargetID = C95A00AC1CB5CB38008237B1;
					};
					C95A00CB1CB5CB38008237B1 = {
						CreatedOnToolsVersion = 7.2.1;
						TestTargetID = C95A00AC1CB5CB38008237B1;
					};
				};
			};
			buildConfigurationList = C95A00A81CB5CB38008237B1 /* Build configuration list for PBXProject "carpoolApp_v1.0" */;
			compatibilityVersion = "Xcode 3.2";
			developmentRegion = English;
			hasScannedForEncodings = 0;
			knownRegions = (
				en,
				Base,
			);
			mainGroup = C95A00A41CB5CB38008237B1;
			productRefGroup = C95A00AE1CB5CB38008237B1 /* Products */;
			projectDirPath = "";
			projectRoot = "";
			targets = (
				C95A00AC1CB5CB38008237B1 /* carpoolApp_v1.0 */,
				C95A00C01CB5CB38008237B1 /* carpoolApp_v1.0Tests */,
				C95A00CB1CB5CB38008237B1 /* carpoolApp_v1.0UITests */,
			);
		};
/* End PBXProject section */

/* Begin PBXResourcesBuildPhase section */
		C95A00AB1CB5CB38008237B1 /* Resources */ = {
			isa = PBXResourcesBuildPhase;
			buildActionMask = 2147483647;
			files = (
				C95385C41D0F5B80007BCA15 /* CaddiesList.plist in Resources */,
				C95A00BB1CB5CB38008237B1 /* LaunchScreen.storyboard in Resources */,
				C95A00B81CB5CB38008237B1 /* Assets.xcassets in Resources */,
				C95A00B61CB5CB38008237B1 /* Main.storyboard in Resources */,
			);
			runOnlyForDeploymentPostprocessing = 0;
		};
		C95A00BF1CB5CB38008237B1 /* Resources */ = {
			isa = PBXResourcesBuildPhase;
			buildActionMask = 2147483647;
			files = (
			);
			runOnlyForDeploymentPostprocessing = 0;
		};
		C95A00CA1CB5CB38008237B1 /* Resources */ = {
			isa = PBXResourcesBuildPhase;
			buildActionMask = 2147483647;
			files = (
			);
			runOnlyForDeploymentPostprocessing = 0;
		};
/* End PBXResourcesBuildPhase section */

/* Begin PBXSourcesBuildPhase section */
		C95A00A91CB5CB38008237B1 /* Sources */ = {
			isa = PBXSourcesBuildPhase;
			buildActionMask = 2147483647;
			files = (
				C95385D01D10B8EE007BCA15 /* ConfirmReservationViewController.swift in Sources */,
				C94259E91D1771CC00EEE328 /* ContainerAboutUsViewController.swift in Sources */,
				C994B4D31D15A83E009848F2 /* UserInformation.swift in Sources */,
				C9EE3F1A1D07383200F86EF2 /* StartReservationViewController.swift in Sources */,
				C9EE3F331D0A1FBC00F86EF2 /* BecomeCaddyViewController.swift in Sources */,
				C994B4C81D145BDB009848F2 /* UpcomingReservationsViewController.swift in Sources */,
				C9EE3ED81D06643800F86EF2 /* SidebarMenuViewController.swift in Sources */,
				C994B4CF1D15A67F009848F2 /* ChangeEmailViewController.swift in Sources */,
				C9EE3F301D0A1EBC00F86EF2 /* InviteViewController.swift in Sources */,
				C95385D31D11D96D007BCA15 /* ContainerConfirmReservationViewController.swift in Sources */,
				C98784881D15CE6600EED776 /* ChangePasswordViewController.swift in Sources */,
				C9EE3F1E1D08D3DB00F86EF2 /* ChooseServiceLevelSegmentedControl.swift in Sources */,
				C95A00B11CB5CB38008237B1 /* AppDelegate.swift in Sources */,
				C9EE3F2D1D0A1C5900F86EF2 /* AboutUsViewController.swift in Sources */,
				C990CF961D1B8F56005E05F2 /* HelpViewController.swift in Sources */,
				C994B4C41D144417009848F2 /* PrivacySettingsViewController.swift in Sources */,
				C95385CE1D0F5B9F007BCA15 /* AvailableCaddiesCell.swift in Sources */,
				C94259E71D174E4600EEE328 /* ChangePhoneViewController.swift in Sources */,
				C95385DB1D133DE9007BCA15 /* EditProfileViewController.swift in Sources */,
				C95385D51D120CC5007BCA15 /* ProfileSegmentedControl.swift in Sources */,
				C994B4CB1D145D24009848F2 /* CaddyHistoryViewController.swift in Sources */,
				C95385C21D0F5A41007BCA15 /* UltravisualLayout.swift in Sources */,
				C9EE3F381D0A217F00F86EF2 /* SettingsViewController.swift in Sources */,
				C95385C61D0F5B86007BCA15 /* ContainerCaddiesAvailableViewController.swift in Sources */,
				C994B4C21D143CC9009848F2 /* NotificationsSettingsViewController.swift in Sources */,
				C994B4C61D144A90009848F2 /* HelpAndSupportViewController.swift in Sources */,
				C9EE3F2A1D0A196C00F86EF2 /* ProfileViewController.swift in Sources */,
				C95385CC1D0F5B98007BCA15 /* Session.swift in Sources */,
				C9EE3F1C1D075F0B00F86EF2 /* StartReservationContainerViewController.swift in Sources */,
				C95A00E21CB5CBEB008237B1 /* SWRevealViewController.m in Sources */,
				C95385CA1D0F5B93007BCA15 /* Caddies.swift in Sources */,
				C95385C81D0F5B8C007BCA15 /* UIImage+Decompression.swift in Sources */,
				C994B4CD1D145E23009848F2 /* NotificationsViewController.swift in Sources */,
				C95A00E81CB5F9D6008237B1 /* LandingPageViewController.swift in Sources */,
				C9EE3F201D090A5900F86EF2 /* CaddiesAvailableViewController.swift in Sources */,
			);
			runOnlyForDeploymentPostprocessing = 0;
		};
		C95A00BD1CB5CB38008237B1 /* Sources */ = {
			isa = PBXSourcesBuildPhase;
			buildActionMask = 2147483647;
			files = (
				C95A00C61CB5CB38008237B1 /* carpoolApp_v1_0Tests.swift in Sources */,
			);
			runOnlyForDeploymentPostprocessing = 0;
		};
		C95A00C81CB5CB38008237B1 /* Sources */ = {
			isa = PBXSourcesBuildPhase;
			buildActionMask = 2147483647;
			files = (
				C95A00D11CB5CB38008237B1 /* carpoolApp_v1_0UITests.swift in Sources */,
			);
			runOnlyForDeploymentPostprocessing = 0;
		};
/* End PBXSourcesBuildPhase section */

/* Begin PBXTargetDependency section */
		C95A00C31CB5CB38008237B1 /* PBXTargetDependency */ = {
			isa = PBXTargetDependency;
			target = C95A00AC1CB5CB38008237B1 /* carpoolApp_v1.0 */;
			targetProxy = C95A00C21CB5CB38008237B1 /* PBXContainerItemProxy */;
		};
		C95A00CE1CB5CB38008237B1 /* PBXTargetDependency */ = {
			isa = PBXTargetDependency;
			target = C95A00AC1CB5CB38008237B1 /* carpoolApp_v1.0 */;
			targetProxy = C95A00CD1CB5CB38008237B1 /* PBXContainerItemProxy */;
		};
/* End PBXTargetDependency section */

/* Begin PBXVariantGroup section */
		C95A00B41CB5CB38008237B1 /* Main.storyboard */ = {
			isa = PBXVariantGroup;
			children = (
				C95A00B51CB5CB38008237B1 /* Base */,
			);
			name = Main.storyboard;
			sourceTree = "<group>";
		};
		C95A00B91CB5CB38008237B1 /* LaunchScreen.storyboard */ = {
			isa = PBXVariantGroup;
			children = (
				C95A00BA1CB5CB38008237B1 /* Base */,
			);
			name = LaunchScreen.storyboard;
			sourceTree = "<group>";
		};
/* End PBXVariantGroup section */

/* Begin XCBuildConfiguration section */
		C95A00D31CB5CB38008237B1 /* Debug */ = {
			isa = XCBuildConfiguration;
			buildSettings = {
				ALWAYS_SEARCH_USER_PATHS = NO;
				CLANG_CXX_LANGUAGE_STANDARD = "gnu++0x";
				CLANG_CXX_LIBRARY = "libc++";
				CLANG_ENABLE_MODULES = YES;
				CLANG_ENABLE_OBJC_ARC = YES;
				CLANG_WARN_BOOL_CONVERSION = YES;
				CLANG_WARN_CONSTANT_CONVERSION = YES;
				CLANG_WARN_DIRECT_OBJC_ISA_USAGE = YES_ERROR;
				CLANG_WARN_EMPTY_BODY = YES;
				CLANG_WARN_ENUM_CONVERSION = YES;
				CLANG_WARN_INT_CONVERSION = YES;
				CLANG_WARN_OBJC_ROOT_CLASS = YES_ERROR;
				CLANG_WARN_UNREACHABLE_CODE = YES;
				CLANG_WARN__DUPLICATE_METHOD_MATCH = YES;
				"CODE_SIGN_IDENTITY[sdk=iphoneos*]" = "iPhone Developer";
				COPY_PHASE_STRIP = NO;
				DEBUG_INFORMATION_FORMAT = dwarf;
				ENABLE_STRICT_OBJC_MSGSEND = YES;
				ENABLE_TESTABILITY = YES;
				GCC_C_LANGUAGE_STANDARD = gnu99;
				GCC_DYNAMIC_NO_PIC = NO;
				GCC_NO_COMMON_BLOCKS = YES;
				GCC_OPTIMIZATION_LEVEL = 0;
				GCC_PREPROCESSOR_DEFINITIONS = (
					"DEBUG=1",
					"$(inherited)",
				);
				GCC_WARN_64_TO_32_BIT_CONVERSION = YES;
				GCC_WARN_ABOUT_RETURN_TYPE = YES_ERROR;
				GCC_WARN_UNDECLARED_SELECTOR = YES;
				GCC_WARN_UNINITIALIZED_AUTOS = YES_AGGRESSIVE;
				GCC_WARN_UNUSED_FUNCTION = YES;
				GCC_WARN_UNUSED_VARIABLE = YES;
				IPHONEOS_DEPLOYMENT_TARGET = 9.2;
				MTL_ENABLE_DEBUG_INFO = YES;
				ONLY_ACTIVE_ARCH = YES;
				SDKROOT = iphoneos;
				SWIFT_OPTIMIZATION_LEVEL = "-Onone";
			};
			name = Debug;
		};
		C95A00D41CB5CB38008237B1 /* Release */ = {
			isa = XCBuildConfiguration;
			buildSettings = {
				ALWAYS_SEARCH_USER_PATHS = NO;
				CLANG_CXX_LANGUAGE_STANDARD = "gnu++0x";
				CLANG_CXX_LIBRARY = "libc++";
				CLANG_ENABLE_MODULES = YES;
				CLANG_ENABLE_OBJC_ARC = YES;
				CLANG_WARN_BOOL_CONVERSION = YES;
				CLANG_WARN_CONSTANT_CONVERSION = YES;
				CLANG_WARN_DIRECT_OBJC_ISA_USAGE = YES_ERROR;
				CLANG_WARN_EMPTY_BODY = YES;
				CLANG_WARN_ENUM_CONVERSION = YES;
				CLANG_WARN_INT_CONVERSION = YES;
				CLANG_WARN_OBJC_ROOT_CLASS = YES_ERROR;
				CLANG_WARN_UNREACHABLE_CODE = YES;
				CLANG_WARN__DUPLICATE_METHOD_MATCH = YES;
				"CODE_SIGN_IDENTITY[sdk=iphoneos*]" = "iPhone Developer";
				COPY_PHASE_STRIP = NO;
				DEBUG_INFORMATION_FORMAT = "dwarf-with-dsym";
				ENABLE_NS_ASSERTIONS = NO;
				ENABLE_STRICT_OBJC_MSGSEND = YES;
				GCC_C_LANGUAGE_STANDARD = gnu99;
				GCC_NO_COMMON_BLOCKS = YES;
				GCC_WARN_64_TO_32_BIT_CONVERSION = YES;
				GCC_WARN_ABOUT_RETURN_TYPE = YES_ERROR;
				GCC_WARN_UNDECLARED_SELECTOR = YES;
				GCC_WARN_UNINITIALIZED_AUTOS = YES_AGGRESSIVE;
				GCC_WARN_UNUSED_FUNCTION = YES;
				GCC_WARN_UNUSED_VARIABLE = YES;
				IPHONEOS_DEPLOYMENT_TARGET = 9.2;
				MTL_ENABLE_DEBUG_INFO = NO;
				SDKROOT = iphoneos;
				VALIDATE_PRODUCT = YES;
			};
			name = Release;
		};
		C95A00D61CB5CB38008237B1 /* Debug */ = {
			isa = XCBuildConfiguration;
			buildSettings = {
				ASSETCATALOG_COMPILER_APPICON_NAME = AppIcon;
				CLANG_ENABLE_MODULES = YES;
				INFOPLIST_FILE = carpoolApp_v1.0/Info.plist;
				LD_RUNPATH_SEARCH_PATHS = "$(inherited) @executable_path/Frameworks";
				PRODUCT_BUNDLE_IDENTIFIER = "com.example.carpoolApp-v1-0";
				PRODUCT_NAME = "$(TARGET_NAME)";
				SWIFT_OBJC_BRIDGING_HEADER = "carpoolApp_v1.0/carpoolApp_v1.0-Bridging-Header.h";
				SWIFT_OPTIMIZATION_LEVEL = "-Onone";
			};
			name = Debug;
		};
		C95A00D71CB5CB38008237B1 /* Release */ = {
			isa = XCBuildConfiguration;
			buildSettings = {
				ASSETCATALOG_COMPILER_APPICON_NAME = AppIcon;
				CLANG_ENABLE_MODULES = YES;
				INFOPLIST_FILE = carpoolApp_v1.0/Info.plist;
				LD_RUNPATH_SEARCH_PATHS = "$(inherited) @executable_path/Frameworks";
				PRODUCT_BUNDLE_IDENTIFIER = "com.example.carpoolApp-v1-0";
				PRODUCT_NAME = "$(TARGET_NAME)";
				SWIFT_OBJC_BRIDGING_HEADER = "carpoolApp_v1.0/carpoolApp_v1.0-Bridging-Header.h";
			};
			name = Release;
		};
		C95A00D91CB5CB38008237B1 /* Debug */ = {
			isa = XCBuildConfiguration;
			buildSettings = {
				BUNDLE_LOADER = "$(TEST_HOST)";
				INFOPLIST_FILE = carpoolApp_v1.0Tests/Info.plist;
				LD_RUNPATH_SEARCH_PATHS = "$(inherited) @executable_path/Frameworks @loader_path/Frameworks";
				PRODUCT_BUNDLE_IDENTIFIER = "com.example.carpoolApp-v1-0Tests";
				PRODUCT_NAME = "$(TARGET_NAME)";
				TEST_HOST = "$(BUILT_PRODUCTS_DIR)/carpoolApp_v1.0.app/carpoolApp_v1.0";
			};
			name = Debug;
		};
		C95A00DA1CB5CB38008237B1 /* Release */ = {
			isa = XCBuildConfiguration;
			buildSettings = {
				BUNDLE_LOADER = "$(TEST_HOST)";
				INFOPLIST_FILE = carpoolApp_v1.0Tests/Info.plist;
				LD_RUNPATH_SEARCH_PATHS = "$(inherited) @executable_path/Frameworks @loader_path/Frameworks";
				PRODUCT_BUNDLE_IDENTIFIER = "com.example.carpoolApp-v1-0Tests";
				PRODUCT_NAME = "$(TARGET_NAME)";
				TEST_HOST = "$(BUILT_PRODUCTS_DIR)/carpoolApp_v1.0.app/carpoolApp_v1.0";
			};
			name = Release;
		};
		C95A00DC1CB5CB38008237B1 /* Debug */ = {
			isa = XCBuildConfiguration;
			buildSettings = {
				INFOPLIST_FILE = carpoolApp_v1.0UITests/Info.plist;
				LD_RUNPATH_SEARCH_PATHS = "$(inherited) @executable_path/Frameworks @loader_path/Frameworks";
				PRODUCT_BUNDLE_IDENTIFIER = "com.example.carpoolApp-v1-0UITests";
				PRODUCT_NAME = "$(TARGET_NAME)";
				TEST_TARGET_NAME = carpoolApp_v1.0;
				USES_XCTRUNNER = YES;
			};
			name = Debug;
		};
		C95A00DD1CB5CB38008237B1 /* Release */ = {
			isa = XCBuildConfiguration;
			buildSettings = {
				INFOPLIST_FILE = carpoolApp_v1.0UITests/Info.plist;
				LD_RUNPATH_SEARCH_PATHS = "$(inherited) @executable_path/Frameworks @loader_path/Frameworks";
				PRODUCT_BUNDLE_IDENTIFIER = "com.example.carpoolApp-v1-0UITests";
				PRODUCT_NAME = "$(TARGET_NAME)";
				TEST_TARGET_NAME = carpoolApp_v1.0;
				USES_XCTRUNNER = YES;
			};
			name = Release;
		};
/* End XCBuildConfiguration section */

/* Begin XCConfigurationList section */
		C95A00A81CB5CB38008237B1 /* Build configuration list for PBXProject "carpoolApp_v1.0" */ = {
			isa = XCConfigurationList;
			buildConfigurations = (
				C95A00D31CB5CB38008237B1 /* Debug */,
				C95A00D41CB5CB38008237B1 /* Release */,
			);
			defaultConfigurationIsVisible = 0;
			defaultConfigurationName = Release;
		};
		C95A00D51CB5CB38008237B1 /* Build configuration list for PBXNativeTarget "carpoolApp_v1.0" */ = {
			isa = XCConfigurationList;
			buildConfigurations = (
				C95A00D61CB5CB38008237B1 /* Debug */,
				C95A00D71CB5CB38008237B1 /* Release */,
			);
			defaultConfigurationIsVisible = 0;
			defaultConfigurationName = Release;
		};
		C95A00D81CB5CB38008237B1 /* Build configuration list for PBXNativeTarget "carpoolApp_v1.0Tests" */ = {
			isa = XCConfigurationList;
			buildConfigurations = (
				C95A00D91CB5CB38008237B1 /* Debug */,
				C95A00DA1CB5CB38008237B1 /* Release */,
			);
			defaultConfigurationIsVisible = 0;
			defaultConfigurationName = Release;
		};
		C95A00DB1CB5CB38008237B1 /* Build configuration list for PBXNativeTarget "carpoolApp_v1.0UITests" */ = {
			isa = XCConfigurationList;
			buildConfigurations = (
				C95A00DC1CB5CB38008237B1 /* Debug */,
				C95A00DD1CB5CB38008237B1 /* Release */,
			);
			defaultConfigurationIsVisible = 0;
			defaultConfigurationName = Release;
		};
/* End XCConfigurationList section */
	};
	rootObject = C95A00A51CB5CB38008237B1 /* Project object */;
}
